// !$*UTF8*$!
{
	archiveVersion = 1;
	classes = {
	};
	objectVersion = 50;
	objects = {

/* Begin PBXBuildFile section */
		1682794D253A9D6200D4A523 /* AppDelegate.swift in Sources */ = {isa = PBXBuildFile; fileRef = 1682794C253A9D6200D4A523 /* AppDelegate.swift */; };
		1682794F253A9D6200D4A523 /* SceneDelegate.swift in Sources */ = {isa = PBXBuildFile; fileRef = 1682794E253A9D6200D4A523 /* SceneDelegate.swift */; };
		16827951253A9D6200D4A523 /* ViewController.swift in Sources */ = {isa = PBXBuildFile; fileRef = 16827950253A9D6200D4A523 /* ViewController.swift */; };
		16827954253A9D6200D4A523 /* Main.storyboard in Resources */ = {isa = PBXBuildFile; fileRef = 16827952253A9D6200D4A523 /* Main.storyboard */; };
		16827956253A9D6300D4A523 /* Assets.xcassets in Resources */ = {isa = PBXBuildFile; fileRef = 16827955253A9D6300D4A523 /* Assets.xcassets */; };
		16827959253A9D6300D4A523 /* LaunchScreen.storyboard in Resources */ = {isa = PBXBuildFile; fileRef = 16827957253A9D6300D4A523 /* LaunchScreen.storyboard */; };
		16827962253AA22F00D4A523 /* FaceData.swift in Sources */ = {isa = PBXBuildFile; fileRef = 16827961253AA22F00D4A523 /* FaceData.swift */; };
/* End PBXBuildFile section */

/* Begin PBXFileReference section */
		16827949253A9D6200D4A523 /* CalculateEmotion.app */ = {isa = PBXFileReference; explicitFileType = wrapper.application; includeInIndex = 0; path = CalculateEmotion.app; sourceTree = BUILT_PRODUCTS_DIR; };
		1682794C253A9D6200D4A523 /* AppDelegate.swift */ = {isa = PBXFileReference; lastKnownFileType = sourcecode.swift; path = AppDelegate.swift; sourceTree = "<group>"; };
		1682794E253A9D6200D4A523 /* SceneDelegate.swift */ = {isa = PBXFileReference; lastKnownFileType = sourcecode.swift; path = SceneDelegate.swift; sourceTree = "<group>"; };
		16827950253A9D6200D4A523 /* ViewController.swift */ = {isa = PBXFileReference; lastKnownFileType = sourcecode.swift; path = ViewController.swift; sourceTree = "<group>"; };
		16827953253A9D6200D4A523 /* Base */ = {isa = PBXFileReference; lastKnownFileType = file.storyboard; name = Base; path = Base.lproj/Main.storyboard; sourceTree = "<group>"; };
		16827955253A9D6300D4A523 /* Assets.xcassets */ = {isa = PBXFileReference; lastKnownFileType = folder.assetcatalog; path = Assets.xcassets; sourceTree = "<group>"; };
		16827958253A9D6300D4A523 /* Base */ = {isa = PBXFileReference; lastKnownFileType = file.storyboard; name = Base; path = Base.lproj/LaunchScreen.storyboard; sourceTree = "<group>"; };
		1682795A253A9D6300D4A523 /* Info.plist */ = {isa = PBXFileReference; lastKnownFileType = text.plist.xml; path = Info.plist; sourceTree = "<group>"; };
		16827961253AA22F00D4A523 /* FaceData.swift */ = {isa = PBXFileReference; lastKnownFileType = sourcecode.swift; path = FaceData.swift; sourceTree = "<group>"; };
/* End PBXFileReference section */

/* Begin PBXFrameworksBuildPhase section */
		16827946253A9D6200D4A523 /* Frameworks */ = {
			isa = PBXFrameworksBuildPhase;
			buildActionMask = 2147483647;
			files = (
			);
			runOnlyForDeploymentPostprocessing = 0;
		};
/* End PBXFrameworksBuildPhase section */

/* Begin PBXGroup section */
		16827940253A9D6200D4A523 = {
			isa = PBXGroup;
			children = (
				1682794B253A9D6200D4A523 /* CalculateEmotion */,
				1682794A253A9D6200D4A523 /* Products */,
			);
			sourceTree = "<group>";
		};
		1682794A253A9D6200D4A523 /* Products */ = {
			isa = PBXGroup;
			children = (
				16827949253A9D6200D4A523 /* CalculateEmotion.app */,
			);
			name = Products;
			sourceTree = "<group>";
		};
		1682794B253A9D6200D4A523 /* CalculateEmotion */ = {
			isa = PBXGroup;
			children = (
				1682794C253A9D6200D4A523 /* AppDelegate.swift */,
				1682794E253A9D6200D4A523 /* SceneDelegate.swift */,
				16827950253A9D6200D4A523 /* ViewController.swift */,
				16827952253A9D6200D4A523 /* Main.storyboard */,
				16827955253A9D6300D4A523 /* Assets.xcassets */,
				16827957253A9D6300D4A523 /* LaunchScreen.storyboard */,
				1682795A253A9D6300D4A523 /* Info.plist */,
				16827961253AA22F00D4A523 /* FaceData.swift */,
			);
			path = CalculateEmotion;
			sourceTree = "<group>";
		};
/* End PBXGroup section */

/* Begin PBXNativeTarget section */
		16827948253A9D6200D4A523 /* CalculateEmotion */ = {
			isa = PBXNativeTarget;
			buildConfigurationList = 1682795D253A9D6300D4A523 /* Build configuration list for PBXNativeTarget "CalculateEmotion" */;
			buildPhases = (
				16827945253A9D6200D4A523 /* Sources */,
				16827946253A9D6200D4A523 /* Frameworks */,
				16827947253A9D6200D4A523 /* Resources */,
			);
			buildRules = (
			);
			dependencies = (
			);
			name = CalculateEmotion;
			productName = CalculateEmotion;
			productReference = 16827949253A9D6200D4A523 /* CalculateEmotion.app */;
			productType = "com.apple.product-type.application";
		};
/* End PBXNativeTarget section */

/* Begin PBXProject section */
		16827941253A9D6200D4A523 /* Project object */ = {
			isa = PBXProject;
			attributes = {
				LastSwiftUpdateCheck = 1200;
				LastUpgradeCheck = 1200;
				TargetAttributes = {
					16827948253A9D6200D4A523 = {
						CreatedOnToolsVersion = 12.0.1;
					};
				};
			};
			buildConfigurationList = 16827944253A9D6200D4A523 /* Build configuration list for PBXProject "CalculateEmotion" */;
			compatibilityVersion = "Xcode 9.3";
			developmentRegion = en;
			hasScannedForEncodings = 0;
			knownRegions = (
				en,
				Base,
			);
			mainGroup = 16827940253A9D6200D4A523;
			productRefGroup = 1682794A253A9D6200D4A523 /* Products */;
			projectDirPath = "";
			projectRoot = "";
			targets = (
				16827948253A9D6200D4A523 /* CalculateEmotion */,
			);
		};
/* End PBXProject section */

/* Begin PBXResourcesBuildPhase section */
		16827947253A9D6200D4A523 /* Resources */ = {
			isa = PBXResourcesBuildPhase;
			buildActionMask = 2147483647;
			files = (
				16827959253A9D6300D4A523 /* LaunchScreen.storyboard in Resources */,
				16827956253A9D6300D4A523 /* Assets.xcassets in Resources */,
				16827954253A9D6200D4A523 /* Main.storyboard in Resources */,
			);
			runOnlyForDeploymentPostprocessing = 0;
		};
/* End PBXResourcesBuildPhase section */

/* Begin PBXSourcesBuildPhase section */
		16827945253A9D6200D4A523 /* Sources */ = {
			isa = PBXSourcesBuildPhase;
			buildActionMask = 2147483647;
			files = (
				16827951253A9D6200D4A523 /* ViewController.swift in Sources */,
				1682794D253A9D6200D4A523 /* AppDelegate.swift in Sources */,
				16827962253AA22F00D4A523 /* FaceData.swift in Sources */,
				1682794F253A9D6200D4A523 /* SceneDelegate.swift in Sources */,
			);
			runOnlyForDeploymentPostprocessing = 0;
		};
/* End PBXSourcesBuildPhase section */

/* Begin PBXVariantGroup section */
		16827952253A9D6200D4A523 /* Main.storyboard */ = {
			isa = PBXVariantGroup;
			children = (
				16827953253A9D6200D4A523 /* Base */,
			);
			name = Main.storyboard;
			sourceTree = "<group>";
		};
		16827957253A9D6300D4A523 /* LaunchScreen.storyboard */ = {
			isa = PBXVariantGroup;
			children = (
				16827958253A9D6300D4A523 /* Base */,
			);
			name = LaunchScreen.storyboard;
			sourceTree = "<group>";
		};
/* End PBXVariantGroup section */

/* Begin XCBuildConfiguration section */
		1682795B253A9D6300D4A523 /* Debug */ = {
			isa = XCBuildConfiguration;
			buildSettings = {
				ALWAYS_SEARCH_USER_PATHS = NO;
				CLANG_ANALYZER_NONNULL = YES;
				CLANG_ANALYZER_NUMBER_OBJECT_CONVERSION = YES_AGGRESSIVE;
				CLANG_CXX_LANGUAGE_STANDARD = "gnu++14";
				CLANG_CXX_LIBRARY = "libc++";
				CLANG_ENABLE_MODULES = YES;
				CLANG_ENABLE_OBJC_ARC = YES;
				CLANG_ENABLE_OBJC_WEAK = YES;
				CLANG_WARN_BLOCK_CAPTURE_AUTORELEASING = YES;
				CLANG_WARN_BOOL_CONVERSION = YES;
				CLANG_WARN_COMMA = YES;
				CLANG_WARN_CONSTANT_CONVERSION = YES;
				CLANG_WARN_DEPRECATED_OBJC_IMPLEMENTATIONS = YES;
				CLANG_WARN_DIRECT_OBJC_ISA_USAGE = YES_ERROR;
				CLANG_WARN_DOCUMENTATION_COMMENTS = YES;
				CLANG_WARN_EMPTY_BODY = YES;
				CLANG_WARN_ENUM_CONVERSION = YES;
				CLANG_WARN_INFINITE_RECURSION = YES;
				CLANG_WARN_INT_CONVERSION = YES;
				CLANG_WARN_NON_LITERAL_NULL_CONVERSION = YES;
				CLANG_WARN_OBJC_IMPLICIT_RETAIN_SELF = YES;
				CLANG_WARN_OBJC_LITERAL_CONVERSION = YES;
				CLANG_WARN_OBJC_ROOT_CLASS = YES_ERROR;
				CLANG_WARN_QUOTED_INCLUDE_IN_FRAMEWORK_HEADER = YES;
				CLANG_WARN_RANGE_LOOP_ANALYSIS = YES;
				CLANG_WARN_STRICT_PROTOTYPES = YES;
				CLANG_WARN_SUSPICIOUS_MOVE = YES;
				CLANG_WARN_UNGUARDED_AVAILABILITY = YES_AGGRESSIVE;
				CLANG_WARN_UNREACHABLE_CODE = YES;
				CLANG_WARN__DUPLICATE_METHOD_MATCH = YES;
				COPY_PHASE_STRIP = NO;
				DEBUG_INFORMATION_FORMAT = dwarf;
				ENABLE_STRICT_OBJC_MSGSEND = YES;
				ENABLE_TESTABILITY = YES;
				GCC_C_LANGUAGE_STANDARD = gnu11;
				GCC_DYNAMIC_NO_PIC = NO;
				GCC_NO_COMMON_BLOCKS = YES;
				GCC_OPTIMIZATION_LEVEL = 0;
				GCC_PREPROCESSOR_DEFINITIONS = (
					"DEBUG=1",
					"$(inherited)",
				);
				GCC_WARN_64_TO_32_BIT_CONVERSION = YES;
				GCC_WARN_ABOUT_RETURN_TYPE = YES_ERROR;
				GCC_WARN_UNDECLARED_SELECTOR = YES;
				GCC_WARN_UNINITIALIZED_AUTOS = YES_AGGRESSIVE;
				GCC_WARN_UNUSED_FUNCTION = YES;
				GCC_WARN_UNUSED_VARIABLE = YES;
				IPHONEOS_DEPLOYMENT_TARGET = 14.0;
				MTL_ENABLE_DEBUG_INFO = INCLUDE_SOURCE;
				MTL_FAST_MATH = YES;
				ONLY_ACTIVE_ARCH = YES;
				SDKROOT = iphoneos;
				SWIFT_ACTIVE_COMPILATION_CONDITIONS = DEBUG;
				SWIFT_OPTIMIZATION_LEVEL = "-Onone";
			};
			name = Debug;
		};
		1682795C253A9D6300D4A523 /* Release */ = {
			isa = XCBuildConfiguration;
			buildSettings = {
				ALWAYS_SEARCH_USER_PATHS = NO;
				CLANG_ANALYZER_NONNULL = YES;
				CLANG_ANALYZER_NUMBER_OBJECT_CONVERSION = YES_AGGRESSIVE;
				CLANG_CXX_LANGUAGE_STANDARD = "gnu++14";
				CLANG_CXX_LIBRARY = "libc++";
				CLANG_ENABLE_MODULES = YES;
				CLANG_ENABLE_OBJC_ARC = YES;
				CLANG_ENABLE_OBJC_WEAK = YES;
				CLANG_WARN_BLOCK_CAPTURE_AUTORELEASING = YES;
				CLANG_WARN_BOOL_CONVERSION = YES;
				CLANG_WARN_COMMA = YES;
				CLANG_WARN_CONSTANT_CONVERSION = YES;
				CLANG_WARN_DEPRECATED_OBJC_IMPLEMENTATIONS = YES;
				CLANG_WARN_DIRECT_OBJC_ISA_USAGE = YES_ERROR;
				CLANG_WARN_DOCUMENTATION_COMMENTS = YES;
				CLANG_WARN_EMPTY_BODY = YES;
				CLANG_WARN_ENUM_CONVERSION = YES;
				CLANG_WARN_INFINITE_RECURSION = YES;
				CLANG_WARN_INT_CONVERSION = YES;
				CLANG_WARN_NON_LITERAL_NULL_CONVERSION = YES;
				CLANG_WARN_OBJC_IMPLICIT_RETAIN_SELF = YES;
				CLANG_WARN_OBJC_LITERAL_CONVERSION = YES;
				CLANG_WARN_OBJC_ROOT_CLASS = YES_ERROR;
				CLANG_WARN_QUOTED_INCLUDE_IN_FRAMEWORK_HEADER = YES;
				CLANG_WARN_RANGE_LOOP_ANALYSIS = YES;
				CLANG_WARN_STRICT_PROTOTYPES = YES;
				CLANG_WARN_SUSPICIOUS_MOVE = YES;
				CLANG_WARN_UNGUARDED_AVAILABILITY = YES_AGGRESSIVE;
				CLANG_WARN_UNREACHABLE_CODE = YES;
				CLANG_WARN__DUPLICATE_METHOD_MATCH = YES;
				COPY_PHASE_STRIP = NO;
				DEBUG_INFORMATION_FORMAT = "dwarf-with-dsym";
				ENABLE_NS_ASSERTIONS = NO;
				ENABLE_STRICT_OBJC_MSGSEND = YES;
				GCC_C_LANGUAGE_STANDARD = gnu11;
				GCC_NO_COMMON_BLOCKS = YES;
				GCC_WARN_64_TO_32_BIT_CONVERSION = YES;
				GCC_WARN_ABOUT_RETURN_TYPE = YES_ERROR;
				GCC_WARN_UNDECLARED_SELECTOR = YES;
				GCC_WARN_UNINITIALIZED_AUTOS = YES_AGGRESSIVE;
				GCC_WARN_UNUSED_FUNCTION = YES;
				GCC_WARN_UNUSED_VARIABLE = YES;
				IPHONEOS_DEPLOYMENT_TARGET = 14.0;
				MTL_ENABLE_DEBUG_INFO = NO;
				MTL_FAST_MATH = YES;
				SDKROOT = iphoneos;
				SWIFT_COMPILATION_MODE = wholemodule;
				SWIFT_OPTIMIZATION_LEVEL = "-O";
				VALIDATE_PRODUCT = YES;
			};
			name = Release;
		};
		1682795E253A9D6300D4A523 /* Debug */ = {
			isa = XCBuildConfiguration;
			buildSettings = {
				ASSETCATALOG_COMPILER_APPICON_NAME = AppIcon;
				ASSETCATALOG_COMPILER_GLOBAL_ACCENT_COLOR_NAME = AccentColor;
				CODE_SIGN_STYLE = Automatic;
				DEVELOPMENT_TEAM = CJNFX75753;
				INFOPLIST_FILE = CalculateEmotion/Info.plist;
				LD_RUNPATH_SEARCH_PATHS = (
					"$(inherited)",
					"@executable_path/Frameworks",
				);
				PRODUCT_BUNDLE_IDENTIFIER = com.rahmanfadhil.CalculateEmotion;
				PRODUCT_NAME = "$(TARGET_NAME)";
				SWIFT_VERSION = 5.0;
				TARGETED_DEVICE_FAMILY = "1,2";
			};
			name = Debug;
		};
		1682795F253A9D6300D4A523 /* Release */ = {
			isa = XCBuildConfiguration;
			buildSettings = {
				ASSETCATALOG_COMPILER_APPICON_NAME = AppIcon;
				ASSETCATALOG_COMPILER_GLOBAL_ACCENT_COLOR_NAME = AccentColor;
				CODE_SIGN_STYLE = Automatic;
				DEVELOPMENT_TEAM = CJNFX75753;
				INFOPLIST_FILE = CalculateEmotion/Info.plist;
				LD_RUNPATH_SEARCH_PATHS = (
					"$(inherited)",
					"@executable_path/Frameworks",
				);
				PRODUCT_BUNDLE_IDENTIFIER = com.rahmanfadhil.CalculateEmotion;
				PRODUCT_NAME = "$(TARGET_NAME)";
				SWIFT_VERSION = 5.0;
				TARGETED_DEVICE_FAMILY = "1,2";
			};
			name = Release;
		};
/* End XCBuildConfiguration section */

/* Begin XCConfigurationList section */
		16827944253A9D6200D4A523 /* Build configuration list for PBXProject "CalculateEmotion" */ = {
			isa = XCConfigurationList;
			buildConfigurations = (
				1682795B253A9D6300D4A523 /* Debug */,
				1682795C253A9D6300D4A523 /* Release */,
			);
			defaultConfigurationIsVisible = 0;
			defaultConfigurationName = Release;
		};
		1682795D253A9D6300D4A523 /* Build configuration list for PBXNativeTarget "CalculateEmotion" */ = {
			isa = XCConfigurationList;
			buildConfigurations = (
				1682795E253A9D6300D4A523 /* Debug */,
				1682795F253A9D6300D4A523 /* Release */,
			);
			defaultConfigurationIsVisible = 0;
			defaultConfigurationName = Release;
		};
/* End XCConfigurationList section */
	};
	rootObject = 16827941253A9D6200D4A523 /* Project object */;
}
